
Microsoft Visual Studio Solution File, Format Version 12.00
# Visual Studio Version 16
VisualStudioVersion = 16.0.31112.23
MinimumVisualStudioVersion = 10.0.40219.1
Project("{FAE04EC0-301F-11D3-BF4B-00C04F79EFBC}") = "ProjectManagerTest2019", "ProjectManagerTest2019\ProjectManagerTest2019.csproj", "{696668CD-1035-41C8-B0F9-AD6B9C097611}"
EndProject
Global
	GlobalSection(SolutionConfigurationPlatforms) = preSolution
		Debug|Any CPU = Debug|Any CPU
		Release|Any CPU = Release|Any CPU
	EndGlobalSection
	GlobalSection(ProjectConfigurationPlatforms) = postSolution
		{696668CD-1035-41C8-B0F9-AD6B9C097611}.Debug|Any CPU.ActiveCfg = Debug|Any CPU
		{696668CD-1035-41C8-B0F9-AD6B9C097611}.Debug|Any CPU.Build.0 = Debug|Any CPU
		{696668CD-1035-41C8-B0F9-AD6B9C097611}.Release|Any CPU.ActiveCfg = Release|Any CPU
		{696668CD-1035-41C8-B0F9-AD6B9C097611}.Release|Any CPU.Build.0 = Release|Any CPU
	EndGlobalSection
	GlobalSection(SolutionProperties) = preSolution
		HideSolutionNode = FALSE
	EndGlobalSection
	GlobalSection(ExtensibilityGlobals) = postSolution
		SolutionGuid = {3174BA61-0244-48D6-93CE-8EADD5C1B464}
	EndGlobalSection
EndGlobal
