
Microsoft Visual Studio Solution File, Format Version 12.00
# Visual Studio Version 16
VisualStudioVersion = 16.0.32106.194
MinimumVisualStudioVersion = 10.0.40219.1
Project("{FAE04EC0-301F-11D3-BF4B-00C04F79EFBC}") = "AttributeTestWriter", "AttributeTestWriter\AttributeTestWriter.csproj", "{7B8648F4-99C4-4CFE-9C5B-B6D0CBFABD48}"
EndProject
Global
	GlobalSection(SolutionConfigurationPlatforms) = preSolution
		Debug|Any CPU = Debug|Any CPU
		Release|Any CPU = Release|Any CPU
	EndGlobalSection
	GlobalSection(ProjectConfigurationPlatforms) = postSolution
		{7B8648F4-99C4-4CFE-9C5B-B6D0CBFABD48}.Debug|Any CPU.ActiveCfg = Debug|Any CPU
		{7B8648F4-99C4-4CFE-9C5B-B6D0CBFABD48}.Debug|Any CPU.Build.0 = Debug|Any CPU
		{7B8648F4-99C4-4CFE-9C5B-B6D0CBFABD48}.Release|Any CPU.ActiveCfg = Release|Any CPU
		{7B8648F4-99C4-4CFE-9C5B-B6D0CBFABD48}.Release|Any CPU.Build.0 = Release|Any CPU
	EndGlobalSection
	GlobalSection(SolutionProperties) = preSolution
		HideSolutionNode = FALSE
	EndGlobalSection
	GlobalSection(ExtensibilityGlobals) = postSolution
		SolutionGuid = {1D28B45D-ED4C-4E57-8071-CE032FB0667E}
	EndGlobalSection
EndGlobal
