
Microsoft Visual Studio Solution File, Format Version 12.00
# Visual Studio Version 16
VisualStudioVersion = 16.0.31112.23
MinimumVisualStudioVersion = 10.0.40219.1
Project("{FAE04EC0-301F-11D3-BF4B-00C04F79EFBC}") = "Projector", "Projector\Projector.csproj", "{640C4BD9-3BBE-4914-8AFE-B7DF9AD6DAE2}"
EndProject
Project("{FAE04EC0-301F-11D3-BF4B-00C04F79EFBC}") = "ProjectorFunctionalTests", "ProjectorFunctionalTests\ProjectorFunctionalTests.csproj", "{B2B13668-D779-4837-A947-4DF20A57A3A7}"
EndProject
Project("{FAE04EC0-301F-11D3-BF4B-00C04F79EFBC}") = "ProjectorUnitTests", "ProjectorUnitTests\ProjectorUnitTests.csproj", "{13E2D2D0-2545-4B45-AE57-B43A44BF6A15}"
EndProject
Global
	GlobalSection(SolutionConfigurationPlatforms) = preSolution
		Debug|Any CPU = Debug|Any CPU
		Release|Any CPU = Release|Any CPU
	EndGlobalSection
	GlobalSection(ProjectConfigurationPlatforms) = postSolution
		{640C4BD9-3BBE-4914-8AFE-B7DF9AD6DAE2}.Debug|Any CPU.ActiveCfg = Debug|Any CPU
		{640C4BD9-3BBE-4914-8AFE-B7DF9AD6DAE2}.Debug|Any CPU.Build.0 = Debug|Any CPU
		{640C4BD9-3BBE-4914-8AFE-B7DF9AD6DAE2}.Release|Any CPU.ActiveCfg = Release|Any CPU
		{640C4BD9-3BBE-4914-8AFE-B7DF9AD6DAE2}.Release|Any CPU.Build.0 = Release|Any CPU
		{B2B13668-D779-4837-A947-4DF20A57A3A7}.Debug|Any CPU.ActiveCfg = Debug|Any CPU
		{B2B13668-D779-4837-A947-4DF20A57A3A7}.Debug|Any CPU.Build.0 = Debug|Any CPU
		{B2B13668-D779-4837-A947-4DF20A57A3A7}.Release|Any CPU.ActiveCfg = Release|Any CPU
		{B2B13668-D779-4837-A947-4DF20A57A3A7}.Release|Any CPU.Build.0 = Release|Any CPU
		{13E2D2D0-2545-4B45-AE57-B43A44BF6A15}.Debug|Any CPU.ActiveCfg = Debug|Any CPU
		{13E2D2D0-2545-4B45-AE57-B43A44BF6A15}.Debug|Any CPU.Build.0 = Debug|Any CPU
		{13E2D2D0-2545-4B45-AE57-B43A44BF6A15}.Release|Any CPU.ActiveCfg = Release|Any CPU
		{13E2D2D0-2545-4B45-AE57-B43A44BF6A15}.Release|Any CPU.Build.0 = Release|Any CPU
	EndGlobalSection
	GlobalSection(SolutionProperties) = preSolution
		HideSolutionNode = FALSE
	EndGlobalSection
	GlobalSection(ExtensibilityGlobals) = postSolution
		SolutionGuid = {25528DA5-8645-4C52-B78C-83EBB72EF201}
	EndGlobalSection
EndGlobal
