
Microsoft Visual Studio Solution File, Format Version 12.00
# Visual Studio Version 16
VisualStudioVersion = 16.0.31515.178
MinimumVisualStudioVersion = 10.0.40219.1
Project("{FAE04EC0-301F-11D3-BF4B-00C04F79EFBC}") = "ProjecterSetup", "ProjecterSetup\ProjecterSetup.csproj", "{1423E5DC-BEB5-4AD9-91ED-97C699B249EF}"
EndProject
Global
	GlobalSection(SolutionConfigurationPlatforms) = preSolution
		Debug|Any CPU = Debug|Any CPU
		Release|Any CPU = Release|Any CPU
	EndGlobalSection
	GlobalSection(ProjectConfigurationPlatforms) = postSolution
		{1423E5DC-BEB5-4AD9-91ED-97C699B249EF}.Debug|Any CPU.ActiveCfg = Debug|Any CPU
		{1423E5DC-BEB5-4AD9-91ED-97C699B249EF}.Debug|Any CPU.Build.0 = Debug|Any CPU
		{1423E5DC-BEB5-4AD9-91ED-97C699B249EF}.Release|Any CPU.ActiveCfg = Release|Any CPU
		{1423E5DC-BEB5-4AD9-91ED-97C699B249EF}.Release|Any CPU.Build.0 = Release|Any CPU
	EndGlobalSection
	GlobalSection(SolutionProperties) = preSolution
		HideSolutionNode = FALSE
	EndGlobalSection
	GlobalSection(ExtensibilityGlobals) = postSolution
		SolutionGuid = {360B8B55-34F7-4181-AE51-1E6CF75F5052}
	EndGlobalSection
EndGlobal
