
Microsoft Visual Studio Solution File, Format Version 12.00
# Visual Studio Version 16
VisualStudioVersion = 16.0.32106.194
MinimumVisualStudioVersion = 10.0.40219.1
Project("{FAE04EC0-301F-11D3-BF4B-00C04F79EFBC}") = "WorldCupEngine", "WorldCupEngine\WorldCupEngine.csproj", "{686BB7FB-2273-4937-A223-332BA2CB9767}"
EndProject
Project("{FAE04EC0-301F-11D3-BF4B-00C04F79EFBC}") = "WorldCupRunner", "WorldCupRunner\WorldCupRunner.csproj", "{42961B09-2C9F-4FC6-BC6A-77B77ED35F0A}"
EndProject
Project("{FAE04EC0-301F-11D3-BF4B-00C04F79EFBC}") = "WordCupTests", "WordCupTests\WordCupTests.csproj", "{A6D1DD3E-AE03-469E-B13F-DAE48306937E}"
EndProject
Global
	GlobalSection(SolutionConfigurationPlatforms) = preSolution
		Debug|Any CPU = Debug|Any CPU
		Release|Any CPU = Release|Any CPU
	EndGlobalSection
	GlobalSection(ProjectConfigurationPlatforms) = postSolution
		{686BB7FB-2273-4937-A223-332BA2CB9767}.Debug|Any CPU.ActiveCfg = Debug|Any CPU
		{686BB7FB-2273-4937-A223-332BA2CB9767}.Debug|Any CPU.Build.0 = Debug|Any CPU
		{686BB7FB-2273-4937-A223-332BA2CB9767}.Release|Any CPU.ActiveCfg = Release|Any CPU
		{686BB7FB-2273-4937-A223-332BA2CB9767}.Release|Any CPU.Build.0 = Release|Any CPU
		{42961B09-2C9F-4FC6-BC6A-77B77ED35F0A}.Debug|Any CPU.ActiveCfg = Debug|Any CPU
		{42961B09-2C9F-4FC6-BC6A-77B77ED35F0A}.Debug|Any CPU.Build.0 = Debug|Any CPU
		{42961B09-2C9F-4FC6-BC6A-77B77ED35F0A}.Release|Any CPU.ActiveCfg = Release|Any CPU
		{42961B09-2C9F-4FC6-BC6A-77B77ED35F0A}.Release|Any CPU.Build.0 = Release|Any CPU
		{A6D1DD3E-AE03-469E-B13F-DAE48306937E}.Debug|Any CPU.ActiveCfg = Debug|Any CPU
		{A6D1DD3E-AE03-469E-B13F-DAE48306937E}.Debug|Any CPU.Build.0 = Debug|Any CPU
		{A6D1DD3E-AE03-469E-B13F-DAE48306937E}.Release|Any CPU.ActiveCfg = Release|Any CPU
		{A6D1DD3E-AE03-469E-B13F-DAE48306937E}.Release|Any CPU.Build.0 = Release|Any CPU
	EndGlobalSection
	GlobalSection(SolutionProperties) = preSolution
		HideSolutionNode = FALSE
	EndGlobalSection
	GlobalSection(ExtensibilityGlobals) = postSolution
		SolutionGuid = {A99225D6-54CB-42CD-923A-80E4E3BB3796}
	EndGlobalSection
EndGlobal
