
Microsoft Visual Studio Solution File, Format Version 12.00
# Visual Studio Version 16
VisualStudioVersion = 16.0.32106.194
MinimumVisualStudioVersion = 10.0.40219.1
Project("{FAE04EC0-301F-11D3-BF4B-00C04F79EFBC}") = "WorldCupEngine", "WorldCupEngine\WorldCupEngine.csproj", "{C15E710A-7E61-4E1B-A86D-047EF66E99D0}"
EndProject
Global
	GlobalSection(SolutionConfigurationPlatforms) = preSolution
		Debug|Any CPU = Debug|Any CPU
		Release|Any CPU = Release|Any CPU
	EndGlobalSection
	GlobalSection(ProjectConfigurationPlatforms) = postSolution
		{C15E710A-7E61-4E1B-A86D-047EF66E99D0}.Debug|Any CPU.ActiveCfg = Debug|Any CPU
		{C15E710A-7E61-4E1B-A86D-047EF66E99D0}.Debug|Any CPU.Build.0 = Debug|Any CPU
		{C15E710A-7E61-4E1B-A86D-047EF66E99D0}.Release|Any CPU.ActiveCfg = Release|Any CPU
		{C15E710A-7E61-4E1B-A86D-047EF66E99D0}.Release|Any CPU.Build.0 = Release|Any CPU
	EndGlobalSection
	GlobalSection(SolutionProperties) = preSolution
		HideSolutionNode = FALSE
	EndGlobalSection
	GlobalSection(ExtensibilityGlobals) = postSolution
		SolutionGuid = {087F6C7C-A311-4A28-B60C-260664FCF86C}
	EndGlobalSection
EndGlobal
